
Microsoft Visual Studio Solution File, Format Version 12.00
# Visual Studio Version 17
VisualStudioVersion = 17.9.34607.119
MinimumVisualStudioVersion = 10.0.40219.1
Project("{FAE04EC0-301F-11D3-BF4B-00C04F79EFBC}") = "Practica-Archivos", "Practica-Archivos\Practica-Archivos.csproj", "{56EE6167-87B6-4527-9AA6-932957DB384A}"
EndProject
Global
	GlobalSection(SolutionConfigurationPlatforms) = preSolution
		Debug|Any CPU = Debug|Any CPU
		Release|Any CPU = Release|Any CPU
	EndGlobalSection
	GlobalSection(ProjectConfigurationPlatforms) = postSolution
		{56EE6167-87B6-4527-9AA6-932957DB384A}.Debug|Any CPU.ActiveCfg = Debug|Any CPU
		{56EE6167-87B6-4527-9AA6-932957DB384A}.Debug|Any CPU.Build.0 = Debug|Any CPU
		{56EE6167-87B6-4527-9AA6-932957DB384A}.Release|Any CPU.ActiveCfg = Release|Any CPU
		{56EE6167-87B6-4527-9AA6-932957DB384A}.Release|Any CPU.Build.0 = Release|Any CPU
	EndGlobalSection
	GlobalSection(SolutionProperties) = preSolution
		HideSolutionNode = FALSE
	EndGlobalSection
	GlobalSection(ExtensibilityGlobals) = postSolution
		SolutionGuid = {55442A98-D852-485F-B45F-89792B9F4848}
	EndGlobalSection
EndGlobal
